
Microsoft Visual Studio Solution File, Format Version 12.00
# Visual Studio Version 17
VisualStudioVersion = 17.3.32901.215
MinimumVisualStudioVersion = 10.0.40219.1
Project("{FAE04EC0-301F-11D3-BF4B-00C04F79EFBC}") = "ChatServer", "ChatServer.csproj", "{397BFE17-AE8A-4533-967B-287139C7BDD2}"
EndProject
Global
	GlobalSection(SolutionConfigurationPlatforms) = preSolution
		Debug|Any CPU = Debug|Any CPU
		Release|Any CPU = Release|Any CPU
	EndGlobalSection
	GlobalSection(ProjectConfigurationPlatforms) = postSolution
		{397BFE17-AE8A-4533-967B-287139C7BDD2}.Debug|Any CPU.ActiveCfg = Debug|Any CPU
		{397BFE17-AE8A-4533-967B-287139C7BDD2}.Debug|Any CPU.Build.0 = Debug|Any CPU
		{397BFE17-AE8A-4533-967B-287139C7BDD2}.Release|Any CPU.ActiveCfg = Release|Any CPU
		{397BFE17-AE8A-4533-967B-287139C7BDD2}.Release|Any CPU.Build.0 = Release|Any CPU
	EndGlobalSection
	GlobalSection(SolutionProperties) = preSolution
		HideSolutionNode = FALSE
	EndGlobalSection
	GlobalSection(ExtensibilityGlobals) = postSolution
		SolutionGuid = {2588B25C-C623-4E43-AE13-505557E016CE}
	EndGlobalSection
EndGlobal
